
Microsoft Visual Studio Solution File, Format Version 12.00
# Visual Studio Version 17
VisualStudioVersion = 17.7.34221.43
MinimumVisualStudioVersion = 10.0.40219.1
Project("{FAE04EC0-301F-11D3-BF4B-00C04F79EFBC}") = "InterfaceDemo", "InterfaceDemo\InterfaceDemo.csproj", "{0F839E9A-6226-4E2B-BCAA-3BC7F2562898}"
EndProject
Global
	GlobalSection(SolutionConfigurationPlatforms) = preSolution
		Debug|Any CPU = Debug|Any CPU
		Release|Any CPU = Release|Any CPU
	EndGlobalSection
	GlobalSection(ProjectConfigurationPlatforms) = postSolution
		{0F839E9A-6226-4E2B-BCAA-3BC7F2562898}.Debug|Any CPU.ActiveCfg = Debug|Any CPU
		{0F839E9A-6226-4E2B-BCAA-3BC7F2562898}.Debug|Any CPU.Build.0 = Debug|Any CPU
		{0F839E9A-6226-4E2B-BCAA-3BC7F2562898}.Release|Any CPU.ActiveCfg = Release|Any CPU
		{0F839E9A-6226-4E2B-BCAA-3BC7F2562898}.Release|Any CPU.Build.0 = Release|Any CPU
	EndGlobalSection
	GlobalSection(SolutionProperties) = preSolution
		HideSolutionNode = FALSE
	EndGlobalSection
	GlobalSection(ExtensibilityGlobals) = postSolution
		SolutionGuid = {28F0453A-D42C-4645-8171-7B1F737A69DC}
	EndGlobalSection
EndGlobal
