
Microsoft Visual Studio Solution File, Format Version 12.00
# Visual Studio Version 17
VisualStudioVersion = 17.11.35208.52
MinimumVisualStudioVersion = 10.0.40219.1
Project("{FAE04EC0-301F-11D3-BF4B-00C04F79EFBC}") = "WebAppDemo", "WebAppDemo\WebAppDemo.csproj", "{FED0FA56-C04C-465A-8BDB-3839F9002BC6}"
EndProject
Global
	GlobalSection(SolutionConfigurationPlatforms) = preSolution
		Debug|Any CPU = Debug|Any CPU
		Release|Any CPU = Release|Any CPU
	EndGlobalSection
	GlobalSection(ProjectConfigurationPlatforms) = postSolution
		{FED0FA56-C04C-465A-8BDB-3839F9002BC6}.Debug|Any CPU.ActiveCfg = Debug|Any CPU
		{FED0FA56-C04C-465A-8BDB-3839F9002BC6}.Debug|Any CPU.Build.0 = Debug|Any CPU
		{FED0FA56-C04C-465A-8BDB-3839F9002BC6}.Release|Any CPU.ActiveCfg = Release|Any CPU
		{FED0FA56-C04C-465A-8BDB-3839F9002BC6}.Release|Any CPU.Build.0 = Release|Any CPU
	EndGlobalSection
	GlobalSection(SolutionProperties) = preSolution
		HideSolutionNode = FALSE
	EndGlobalSection
	GlobalSection(ExtensibilityGlobals) = postSolution
		SolutionGuid = {F7EB24AB-EC0F-455E-8FA7-22275B59231A}
	EndGlobalSection
EndGlobal
