
Microsoft Visual Studio Solution File, Format Version 12.00
# Visual Studio Version 17
VisualStudioVersion = 17.7.34221.43
MinimumVisualStudioVersion = 10.0.40219.1
Project("{FAE04EC0-301F-11D3-BF4B-00C04F79EFBC}") = "PaymentOptions", "PaymentOptions\PaymentOptions.csproj", "{FBD74EA6-F954-4443-B570-E6D1D9AAA9F0}"
EndProject
Global
	GlobalSection(SolutionConfigurationPlatforms) = preSolution
		Debug|Any CPU = Debug|Any CPU
		Release|Any CPU = Release|Any CPU
	EndGlobalSection
	GlobalSection(ProjectConfigurationPlatforms) = postSolution
		{FBD74EA6-F954-4443-B570-E6D1D9AAA9F0}.Debug|Any CPU.ActiveCfg = Debug|Any CPU
		{FBD74EA6-F954-4443-B570-E6D1D9AAA9F0}.Debug|Any CPU.Build.0 = Debug|Any CPU
		{FBD74EA6-F954-4443-B570-E6D1D9AAA9F0}.Release|Any CPU.ActiveCfg = Release|Any CPU
		{FBD74EA6-F954-4443-B570-E6D1D9AAA9F0}.Release|Any CPU.Build.0 = Release|Any CPU
	EndGlobalSection
	GlobalSection(SolutionProperties) = preSolution
		HideSolutionNode = FALSE
	EndGlobalSection
	GlobalSection(ExtensibilityGlobals) = postSolution
		SolutionGuid = {AA43307D-3A38-4BF6-A9CA-C3D057C0C7A7}
	EndGlobalSection
EndGlobal
