
Microsoft Visual Studio Solution File, Format Version 12.00
# Visual Studio Version 17
VisualStudioVersion = 17.11.35208.52
MinimumVisualStudioVersion = 10.0.40219.1
Project("{FAE04EC0-301F-11D3-BF4B-00C04F79EFBC}") = "ReservationAuth", "ReservationAuth\ReservationAuth.csproj", "{8CC62AB1-AB30-40C6-A1D2-87A592375979}"
EndProject
Global
	GlobalSection(SolutionConfigurationPlatforms) = preSolution
		Debug|Any CPU = Debug|Any CPU
		Release|Any CPU = Release|Any CPU
	EndGlobalSection
	GlobalSection(ProjectConfigurationPlatforms) = postSolution
		{8CC62AB1-AB30-40C6-A1D2-87A592375979}.Debug|Any CPU.ActiveCfg = Debug|Any CPU
		{8CC62AB1-AB30-40C6-A1D2-87A592375979}.Debug|Any CPU.Build.0 = Debug|Any CPU
		{8CC62AB1-AB30-40C6-A1D2-87A592375979}.Release|Any CPU.ActiveCfg = Release|Any CPU
		{8CC62AB1-AB30-40C6-A1D2-87A592375979}.Release|Any CPU.Build.0 = Release|Any CPU
	EndGlobalSection
	GlobalSection(SolutionProperties) = preSolution
		HideSolutionNode = FALSE
	EndGlobalSection
	GlobalSection(ExtensibilityGlobals) = postSolution
		SolutionGuid = {8BF4A7CB-0558-454C-8DB1-E901AB6EDFB1}
	EndGlobalSection
EndGlobal
